
Microsoft Visual Studio Solution File, Format Version 12.00
# Visual Studio 15
Project("{FAE04EC0-301F-11D3-BF4B-00C04F79EFBC}") = "Unity.XR.Interaction.Toolkit.Samples.StarterAssets", "Unity.XR.Interaction.Toolkit.Samples.StarterAssets.csproj", "{DED8EA4A-087F-C93F-CCBB-19063A1F8744}"
EndProject
Project("{FAE04EC0-301F-11D3-BF4B-00C04F79EFBC}") = "Assembly-CSharp", "Assembly-CSharp.csproj", "{390A9C02-7E91-B769-B7CC-7DB420A37936}"
EndProject
Project("{FAE04EC0-301F-11D3-BF4B-00C04F79EFBC}") = "Unity.XR.Management.Samples", "Unity.XR.Management.Samples.csproj", "{BAF78417-4557-EE91-92CB-6A779F0A2A0C}"
EndProject
Project("{FAE04EC0-301F-11D3-BF4B-00C04F79EFBC}") = "Unity.XR.Management.Samples.Editor", "Unity.XR.Management.Samples.Editor.csproj", "{71EFE89A-1D72-C114-72CD-E5419F203DFA}"
EndProject
Global
	GlobalSection(SolutionConfigurationPlatforms) = preSolution
		Debug|Any CPU = Debug|Any CPU
		Release|Any CPU = Release|Any CPU
	EndGlobalSection
	GlobalSection(ProjectConfigurationPlatforms) = postSolution
		{DED8EA4A-087F-C93F-CCBB-19063A1F8744}.Debug|Any CPU.ActiveCfg = Debug|Any CPU
		{DED8EA4A-087F-C93F-CCBB-19063A1F8744}.Debug|Any CPU.Build.0 = Debug|Any CPU
		{DED8EA4A-087F-C93F-CCBB-19063A1F8744}.Release|Any CPU.ActiveCfg = Release|Any CPU
		{DED8EA4A-087F-C93F-CCBB-19063A1F8744}.Release|Any CPU.Build.0 = Release|Any CPU
		{390A9C02-7E91-B769-B7CC-7DB420A37936}.Debug|Any CPU.ActiveCfg = Debug|Any CPU
		{390A9C02-7E91-B769-B7CC-7DB420A37936}.Debug|Any CPU.Build.0 = Debug|Any CPU
		{390A9C02-7E91-B769-B7CC-7DB420A37936}.Release|Any CPU.ActiveCfg = Release|Any CPU
		{390A9C02-7E91-B769-B7CC-7DB420A37936}.Release|Any CPU.Build.0 = Release|Any CPU
		{BAF78417-4557-EE91-92CB-6A779F0A2A0C}.Debug|Any CPU.ActiveCfg = Debug|Any CPU
		{BAF78417-4557-EE91-92CB-6A779F0A2A0C}.Debug|Any CPU.Build.0 = Debug|Any CPU
		{BAF78417-4557-EE91-92CB-6A779F0A2A0C}.Release|Any CPU.ActiveCfg = Release|Any CPU
		{BAF78417-4557-EE91-92CB-6A779F0A2A0C}.Release|Any CPU.Build.0 = Release|Any CPU
		{71EFE89A-1D72-C114-72CD-E5419F203DFA}.Debug|Any CPU.ActiveCfg = Debug|Any CPU
		{71EFE89A-1D72-C114-72CD-E5419F203DFA}.Debug|Any CPU.Build.0 = Debug|Any CPU
		{71EFE89A-1D72-C114-72CD-E5419F203DFA}.Release|Any CPU.ActiveCfg = Release|Any CPU
		{71EFE89A-1D72-C114-72CD-E5419F203DFA}.Release|Any CPU.Build.0 = Release|Any CPU
	EndGlobalSection
	GlobalSection(SolutionProperties) = preSolution
		HideSolutionNode = FALSE
	EndGlobalSection
EndGlobal
